// !$*UTF8*$!
{
	archiveVersion = 1;
	classes = {
	};
	objectVersion = 56;
	objects = {

/* Begin PBXBuildFile section */
		0C6A81AD116BEB7BD8C19158 /* Pods_PPListDemo.framework in Frameworks */ = {isa = PBXBuildFile; fileRef = C9440B38D93BA7409830E49A /* Pods_PPListDemo.framework */; };
		C6054D5D29A5145C00A68271 /* PPListDemoApp.swift in Sources */ = {isa = PBXBuildFile; fileRef = C6054D5C29A5145C00A68271 /* PPListDemoApp.swift */; };
		C6054D6129A5145C00A68271 /* Assets.xcassets in Resources */ = {isa = PBXBuildFile; fileRef = C6054D6029A5145C00A68271 /* Assets.xcassets */; };
		C6054D6429A5145C00A68271 /* Preview Assets.xcassets in Resources */ = {isa = PBXBuildFile; fileRef = C6054D6329A5145C00A68271 /* Preview Assets.xcassets */; };
		C6054D7229A514B200A68271 /* PPOffsetableScrollView.swift in Sources */ = {isa = PBXBuildFile; fileRef = C6054D6B29A514B200A68271 /* PPOffsetableScrollView.swift */; };
		C6054D7329A514B200A68271 /* PullToRefresh.swift in Sources */ = {isa = PBXBuildFile; fileRef = C6054D6C29A514B200A68271 /* PullToRefresh.swift */; };
		C6054D7429A514B200A68271 /* PPRefreshableScrollView.swift in Sources */ = {isa = PBXBuildFile; fileRef = C6054D6D29A514B200A68271 /* PPRefreshableScrollView.swift */; };
		C6054D7529A514B200A68271 /* PPLottieImageView.swift in Sources */ = {isa = PBXBuildFile; fileRef = C6054D6E29A514B200A68271 /* PPLottieImageView.swift */; };
		C6054D7629A514B200A68271 /* PPRefreshHeader.swift in Sources */ = {isa = PBXBuildFile; fileRef = C6054D6F29A514B200A68271 /* PPRefreshHeader.swift */; };
		C6054D7829A514B200A68271 /* PPList.swift in Sources */ = {isa = PBXBuildFile; fileRef = C6054D7129A514B200A68271 /* PPList.swift */; };
		C6054D7C29A514C000A68271 /* ListView.swift in Sources */ = {isa = PBXBuildFile; fileRef = C6054D7929A514C000A68271 /* ListView.swift */; };
		C6054D7D29A514C000A68271 /* ListManager.swift in Sources */ = {isa = PBXBuildFile; fileRef = C6054D7A29A514C000A68271 /* ListManager.swift */; };
		C6054D7E29A514C000A68271 /* ListModel.swift in Sources */ = {isa = PBXBuildFile; fileRef = C6054D7B29A514C000A68271 /* ListModel.swift */; };
		C698B4E529A5F01C0016FCD7 /* header_loading_dark.json in Resources */ = {isa = PBXBuildFile; fileRef = C698B4E429A5F01C0016FCD7 /* header_loading_dark.json */; };
		C698B4E729A5F0220016FCD7 /* header_loading.json in Resources */ = {isa = PBXBuildFile; fileRef = C698B4E629A5F0210016FCD7 /* header_loading.json */; };
/* End PBXBuildFile section */

/* Begin PBXFileReference section */
		C6054D5929A5145C00A68271 /* PPListDemo.app */ = {isa = PBXFileReference; explicitFileType = wrapper.application; includeInIndex = 0; path = PPListDemo.app; sourceTree = BUILT_PRODUCTS_DIR; };
		C6054D5C29A5145C00A68271 /* PPListDemoApp.swift */ = {isa = PBXFileReference; lastKnownFileType = sourcecode.swift; path = PPListDemoApp.swift; sourceTree = "<group>"; };
		C6054D6029A5145C00A68271 /* Assets.xcassets */ = {isa = PBXFileReference; lastKnownFileType = folder.assetcatalog; path = Assets.xcassets; sourceTree = "<group>"; };
		C6054D6329A5145C00A68271 /* Preview Assets.xcassets */ = {isa = PBXFileReference; lastKnownFileType = folder.assetcatalog; path = "Preview Assets.xcassets"; sourceTree = "<group>"; };
		C6054D6B29A514B200A68271 /* PPOffsetableScrollView.swift */ = {isa = PBXFileReference; fileEncoding = 4; lastKnownFileType = sourcecode.swift; path = PPOffsetableScrollView.swift; sourceTree = "<group>"; };
		C6054D6C29A514B200A68271 /* PullToRefresh.swift */ = {isa = PBXFileReference; fileEncoding = 4; lastKnownFileType = sourcecode.swift; path = PullToRefresh.swift; sourceTree = "<group>"; };
		C6054D6D29A514B200A68271 /* PPRefreshableScrollView.swift */ = {isa = PBXFileReference; fileEncoding = 4; lastKnownFileType = sourcecode.swift; path = PPRefreshableScrollView.swift; sourceTree = "<group>"; };
		C6054D6E29A514B200A68271 /* PPLottieImageView.swift */ = {isa = PBXFileReference; fileEncoding = 4; lastKnownFileType = sourcecode.swift; path = PPLottieImageView.swift; sourceTree = "<group>"; };
		C6054D6F29A514B200A68271 /* PPRefreshHeader.swift */ = {isa = PBXFileReference; fileEncoding = 4; lastKnownFileType = sourcecode.swift; path = PPRefreshHeader.swift; sourceTree = "<group>"; };
		C6054D7129A514B200A68271 /* PPList.swift */ = {isa = PBXFileReference; fileEncoding = 4; lastKnownFileType = sourcecode.swift; path = PPList.swift; sourceTree = "<group>"; };
		C6054D7929A514C000A68271 /* ListView.swift */ = {isa = PBXFileReference; fileEncoding = 4; lastKnownFileType = sourcecode.swift; path = ListView.swift; sourceTree = "<group>"; };
		C6054D7A29A514C000A68271 /* ListManager.swift */ = {isa = PBXFileReference; fileEncoding = 4; lastKnownFileType = sourcecode.swift; path = ListManager.swift; sourceTree = "<group>"; };
		C6054D7B29A514C000A68271 /* ListModel.swift */ = {isa = PBXFileReference; fileEncoding = 4; lastKnownFileType = sourcecode.swift; path = ListModel.swift; sourceTree = "<group>"; };
		C698B4E429A5F01C0016FCD7 /* header_loading_dark.json */ = {isa = PBXFileReference; fileEncoding = 4; lastKnownFileType = text.json; path = header_loading_dark.json; sourceTree = "<group>"; };
		C698B4E629A5F0210016FCD7 /* header_loading.json */ = {isa = PBXFileReference; fileEncoding = 4; lastKnownFileType = text.json; path = header_loading.json; sourceTree = "<group>"; };
		C9440B38D93BA7409830E49A /* Pods_PPListDemo.framework */ = {isa = PBXFileReference; explicitFileType = wrapper.framework; includeInIndex = 0; path = Pods_PPListDemo.framework; sourceTree = BUILT_PRODUCTS_DIR; };
		CE2BF78F1A76A86DE1881D89 /* Pods-PPListDemo.debug.xcconfig */ = {isa = PBXFileReference; includeInIndex = 1; lastKnownFileType = text.xcconfig; name = "Pods-PPListDemo.debug.xcconfig"; path = "Target Support Files/Pods-PPListDemo/Pods-PPListDemo.debug.xcconfig"; sourceTree = "<group>"; };
		F03AAB2E61891AB17D95D61E /* Pods-PPListDemo.release.xcconfig */ = {isa = PBXFileReference; includeInIndex = 1; lastKnownFileType = text.xcconfig; name = "Pods-PPListDemo.release.xcconfig"; path = "Target Support Files/Pods-PPListDemo/Pods-PPListDemo.release.xcconfig"; sourceTree = "<group>"; };
/* End PBXFileReference section */

/* Begin PBXFrameworksBuildPhase section */
		C6054D5629A5145C00A68271 /* Frameworks */ = {
			isa = PBXFrameworksBuildPhase;
			buildActionMask = 2147483647;
			files = (
				0C6A81AD116BEB7BD8C19158 /* Pods_PPListDemo.framework in Frameworks */,
			);
			runOnlyForDeploymentPostprocessing = 0;
		};
/* End PBXFrameworksBuildPhase section */

/* Begin PBXGroup section */
		062D4053D8BE96C2DE53387C /* Pods */ = {
			isa = PBXGroup;
			children = (
				CE2BF78F1A76A86DE1881D89 /* Pods-PPListDemo.debug.xcconfig */,
				F03AAB2E61891AB17D95D61E /* Pods-PPListDemo.release.xcconfig */,
			);
			path = Pods;
			sourceTree = "<group>";
		};
		C6054D5029A5145C00A68271 = {
			isa = PBXGroup;
			children = (
				C6054D5B29A5145C00A68271 /* PPListDemo */,
				C6054D5A29A5145C00A68271 /* Products */,
				062D4053D8BE96C2DE53387C /* Pods */,
				D84EBA9DC41360F8AC5AF48B /* Frameworks */,
			);
			sourceTree = "<group>";
		};
		C6054D5A29A5145C00A68271 /* Products */ = {
			isa = PBXGroup;
			children = (
				C6054D5929A5145C00A68271 /* PPListDemo.app */,
			);
			name = Products;
			sourceTree = "<group>";
		};
		C6054D5B29A5145C00A68271 /* PPListDemo */ = {
			isa = PBXGroup;
			children = (
				C6054D6A29A514B200A68271 /* PPList */,
				C698B4E829A5F0690016FCD7 /* FileList */,
				C6054D5C29A5145C00A68271 /* PPListDemoApp.swift */,
				C6054D6029A5145C00A68271 /* Assets.xcassets */,
				C698B4E629A5F0210016FCD7 /* header_loading.json */,
				C698B4E429A5F01C0016FCD7 /* header_loading_dark.json */,
				C6054D6229A5145C00A68271 /* Preview Content */,
			);
			path = PPListDemo;
			sourceTree = "<group>";
		};
		C6054D6229A5145C00A68271 /* Preview Content */ = {
			isa = PBXGroup;
			children = (
				C6054D6329A5145C00A68271 /* Preview Assets.xcassets */,
			);
			path = "Preview Content";
			sourceTree = "<group>";
		};
		C6054D6A29A514B200A68271 /* PPList */ = {
			isa = PBXGroup;
			children = (
				C6054D6B29A514B200A68271 /* PPOffsetableScrollView.swift */,
				C6054D6C29A514B200A68271 /* PullToRefresh.swift */,
				C6054D6D29A514B200A68271 /* PPRefreshableScrollView.swift */,
				C6054D6E29A514B200A68271 /* PPLottieImageView.swift */,
				C6054D6F29A514B200A68271 /* PPRefreshHeader.swift */,
				C6054D7129A514B200A68271 /* PPList.swift */,
			);
			path = PPList;
			sourceTree = "<group>";
		};
		C698B4E829A5F0690016FCD7 /* FileList */ = {
			isa = PBXGroup;
			children = (
				C6054D7A29A514C000A68271 /* ListManager.swift */,
				C6054D7B29A514C000A68271 /* ListModel.swift */,
				C6054D7929A514C000A68271 /* ListView.swift */,
			);
			path = FileList;
			sourceTree = "<group>";
		};
		D84EBA9DC41360F8AC5AF48B /* Frameworks */ = {
			isa = PBXGroup;
			children = (
				C9440B38D93BA7409830E49A /* Pods_PPListDemo.framework */,
			);
			name = Frameworks;
			sourceTree = "<group>";
		};
/* End PBXGroup section */

/* Begin PBXNativeTarget section */
		C6054D5829A5145C00A68271 /* PPListDemo */ = {
			isa = PBXNativeTarget;
			buildConfigurationList = C6054D6729A5145C00A68271 /* Build configuration list for PBXNativeTarget "PPListDemo" */;
			buildPhases = (
				F57D9DC536152D91CB755F4C /* [CP] Check Pods Manifest.lock */,
				C6054D5529A5145C00A68271 /* Sources */,
				C6054D5629A5145C00A68271 /* Frameworks */,
				C6054D5729A5145C00A68271 /* Resources */,
				9FC0E31B84F1E823B342A87C /* [CP] Embed Pods Frameworks */,
			);
			buildRules = (
			);
			dependencies = (
			);
			name = PPListDemo;
			productName = PPListDemo;
			productReference = C6054D5929A5145C00A68271 /* PPListDemo.app */;
			productType = "com.apple.product-type.application";
		};
/* End PBXNativeTarget section */

/* Begin PBXProject section */
		C6054D5129A5145C00A68271 /* Project object */ = {
			isa = PBXProject;
			attributes = {
				BuildIndependentTargetsInParallel = 1;
				LastSwiftUpdateCheck = 1420;
				LastUpgradeCheck = 1420;
				TargetAttributes = {
					C6054D5829A5145C00A68271 = {
						CreatedOnToolsVersion = 14.2;
					};
				};
			};
			buildConfigurationList = C6054D5429A5145C00A68271 /* Build configuration list for PBXProject "PPListDemo" */;
			compatibilityVersion = "Xcode 14.0";
			developmentRegion = en;
			hasScannedForEncodings = 0;
			knownRegions = (
				en,
				Base,
			);
			mainGroup = C6054D5029A5145C00A68271;
			productRefGroup = C6054D5A29A5145C00A68271 /* Products */;
			projectDirPath = "";
			projectRoot = "";
			targets = (
				C6054D5829A5145C00A68271 /* PPListDemo */,
			);
		};
/* End PBXProject section */

/* Begin PBXResourcesBuildPhase section */
		C6054D5729A5145C00A68271 /* Resources */ = {
			isa = PBXResourcesBuildPhase;
			buildActionMask = 2147483647;
			files = (
				C6054D6429A5145C00A68271 /* Preview Assets.xcassets in Resources */,
				C698B4E729A5F0220016FCD7 /* header_loading.json in Resources */,
				C6054D6129A5145C00A68271 /* Assets.xcassets in Resources */,
				C698B4E529A5F01C0016FCD7 /* header_loading_dark.json in Resources */,
			);
			runOnlyForDeploymentPostprocessing = 0;
		};
/* End PBXResourcesBuildPhase section */

/* Begin PBXShellScriptBuildPhase section */
		9FC0E31B84F1E823B342A87C /* [CP] Embed Pods Frameworks */ = {
			isa = PBXShellScriptBuildPhase;
			buildActionMask = 2147483647;
			files = (
			);
			inputFileListPaths = (
				"${PODS_ROOT}/Target Support Files/Pods-PPListDemo/Pods-PPListDemo-frameworks-${CONFIGURATION}-input-files.xcfilelist",
			);
			name = "[CP] Embed Pods Frameworks";
			outputFileListPaths = (
				"${PODS_ROOT}/Target Support Files/Pods-PPListDemo/Pods-PPListDemo-frameworks-${CONFIGURATION}-output-files.xcfilelist",
			);
			runOnlyForDeploymentPostprocessing = 0;
			shellPath = /bin/sh;
			shellScript = "\"${PODS_ROOT}/Target Support Files/Pods-PPListDemo/Pods-PPListDemo-frameworks.sh\"\n";
			showEnvVarsInLog = 0;
		};
		F57D9DC536152D91CB755F4C /* [CP] Check Pods Manifest.lock */ = {
			isa = PBXShellScriptBuildPhase;
			buildActionMask = 2147483647;
			files = (
			);
			inputFileListPaths = (
			);
			inputPaths = (
				"${PODS_PODFILE_DIR_PATH}/Podfile.lock",
				"${PODS_ROOT}/Manifest.lock",
			);
			name = "[CP] Check Pods Manifest.lock";
			outputFileListPaths = (
			);
			outputPaths = (
				"$(DERIVED_FILE_DIR)/Pods-PPListDemo-checkManifestLockResult.txt",
			);
			runOnlyForDeploymentPostprocessing = 0;
			shellPath = /bin/sh;
			shellScript = "diff \"${PODS_PODFILE_DIR_PATH}/Podfile.lock\" \"${PODS_ROOT}/Manifest.lock\" > /dev/null\nif [ $? != 0 ] ; then\n    # print error to STDERR\n    echo \"error: The sandbox is not in sync with the Podfile.lock. Run 'pod install' or update your CocoaPods installation.\" >&2\n    exit 1\nfi\n# This output is used by Xcode 'outputs' to avoid re-running this script phase.\necho \"SUCCESS\" > \"${SCRIPT_OUTPUT_FILE_0}\"\n";
			showEnvVarsInLog = 0;
		};
/* End PBXShellScriptBuildPhase section */

/* Begin PBXSourcesBuildPhase section */
		C6054D5529A5145C00A68271 /* Sources */ = {
			isa = PBXSourcesBuildPhase;
			buildActionMask = 2147483647;
			files = (
				C6054D7229A514B200A68271 /* PPOffsetableScrollView.swift in Sources */,
				C6054D7529A514B200A68271 /* PPLottieImageView.swift in Sources */,
				C6054D7329A514B200A68271 /* PullToRefresh.swift in Sources */,
				C6054D7E29A514C000A68271 /* ListModel.swift in Sources */,
				C6054D7829A514B200A68271 /* PPList.swift in Sources */,
				C6054D7429A514B200A68271 /* PPRefreshableScrollView.swift in Sources */,
				C6054D7C29A514C000A68271 /* ListView.swift in Sources */,
				C6054D5D29A5145C00A68271 /* PPListDemoApp.swift in Sources */,
				C6054D7D29A514C000A68271 /* ListManager.swift in Sources */,
				C6054D7629A514B200A68271 /* PPRefreshHeader.swift in Sources */,
			);
			runOnlyForDeploymentPostprocessing = 0;
		};
/* End PBXSourcesBuildPhase section */

/* Begin XCBuildConfiguration section */
		C6054D6529A5145C00A68271 /* Debug */ = {
			isa = XCBuildConfiguration;
			buildSettings = {
				ALWAYS_SEARCH_USER_PATHS = NO;
				CLANG_ANALYZER_NONNULL = YES;
				CLANG_ANALYZER_NUMBER_OBJECT_CONVERSION = YES_AGGRESSIVE;
				CLANG_CXX_LANGUAGE_STANDARD = "gnu++20";
				CLANG_ENABLE_MODULES = YES;
				CLANG_ENABLE_OBJC_ARC = YES;
				CLANG_ENABLE_OBJC_WEAK = YES;
				CLANG_WARN_BLOCK_CAPTURE_AUTORELEASING = YES;
				CLANG_WARN_BOOL_CONVERSION = YES;
				CLANG_WARN_COMMA = YES;
				CLANG_WARN_CONSTANT_CONVERSION = YES;
				CLANG_WARN_DEPRECATED_OBJC_IMPLEMENTATIONS = YES;
				CLANG_WARN_DIRECT_OBJC_ISA_USAGE = YES_ERROR;
				CLANG_WARN_DOCUMENTATION_COMMENTS = YES;
				CLANG_WARN_EMPTY_BODY = YES;
				CLANG_WARN_ENUM_CONVERSION = YES;
				CLANG_WARN_INFINITE_RECURSION = YES;
				CLANG_WARN_INT_CONVERSION = YES;
				CLANG_WARN_NON_LITERAL_NULL_CONVERSION = YES;
				CLANG_WARN_OBJC_IMPLICIT_RETAIN_SELF = YES;
				CLANG_WARN_OBJC_LITERAL_CONVERSION = YES;
				CLANG_WARN_OBJC_ROOT_CLASS = YES_ERROR;
				CLANG_WARN_QUOTED_INCLUDE_IN_FRAMEWORK_HEADER = YES;
				CLANG_WARN_RANGE_LOOP_ANALYSIS = YES;
				CLANG_WARN_STRICT_PROTOTYPES = YES;
				CLANG_WARN_SUSPICIOUS_MOVE = YES;
				CLANG_WARN_UNGUARDED_AVAILABILITY = YES_AGGRESSIVE;
				CLANG_WARN_UNREACHABLE_CODE = YES;
				CLANG_WARN__DUPLICATE_METHOD_MATCH = YES;
				COPY_PHASE_STRIP = NO;
				DEBUG_INFORMATION_FORMAT = dwarf;
				ENABLE_STRICT_OBJC_MSGSEND = YES;
				ENABLE_TESTABILITY = YES;
				GCC_C_LANGUAGE_STANDARD = gnu11;
				GCC_DYNAMIC_NO_PIC = NO;
				GCC_NO_COMMON_BLOCKS = YES;
				GCC_OPTIMIZATION_LEVEL = 0;
				GCC_PREPROCESSOR_DEFINITIONS = (
					"DEBUG=1",
					"$(inherited)",
				);
				GCC_WARN_64_TO_32_BIT_CONVERSION = YES;
				GCC_WARN_ABOUT_RETURN_TYPE = YES_ERROR;
				GCC_WARN_UNDECLARED_SELECTOR = YES;
				GCC_WARN_UNINITIALIZED_AUTOS = YES_AGGRESSIVE;
				GCC_WARN_UNUSED_FUNCTION = YES;
				GCC_WARN_UNUSED_VARIABLE = YES;
				IPHONEOS_DEPLOYMENT_TARGET = 14.0;
				MTL_ENABLE_DEBUG_INFO = INCLUDE_SOURCE;
				MTL_FAST_MATH = YES;
				ONLY_ACTIVE_ARCH = YES;
				SDKROOT = iphoneos;
				SWIFT_ACTIVE_COMPILATION_CONDITIONS = DEBUG;
				SWIFT_OPTIMIZATION_LEVEL = "-Onone";
			};
			name = Debug;
		};
		C6054D6629A5145C00A68271 /* Release */ = {
			isa = XCBuildConfiguration;
			buildSettings = {
				ALWAYS_SEARCH_USER_PATHS = NO;
				CLANG_ANALYZER_NONNULL = YES;
				CLANG_ANALYZER_NUMBER_OBJECT_CONVERSION = YES_AGGRESSIVE;
				CLANG_CXX_LANGUAGE_STANDARD = "gnu++20";
				CLANG_ENABLE_MODULES = YES;
				CLANG_ENABLE_OBJC_ARC = YES;
				CLANG_ENABLE_OBJC_WEAK = YES;
				CLANG_WARN_BLOCK_CAPTURE_AUTORELEASING = YES;
				CLANG_WARN_BOOL_CONVERSION = YES;
				CLANG_WARN_COMMA = YES;
				CLANG_WARN_CONSTANT_CONVERSION = YES;
				CLANG_WARN_DEPRECATED_OBJC_IMPLEMENTATIONS = YES;
				CLANG_WARN_DIRECT_OBJC_ISA_USAGE = YES_ERROR;
				CLANG_WARN_DOCUMENTATION_COMMENTS = YES;
				CLANG_WARN_EMPTY_BODY = YES;
				CLANG_WARN_ENUM_CONVERSION = YES;
				CLANG_WARN_INFINITE_RECURSION = YES;
				CLANG_WARN_INT_CONVERSION = YES;
				CLANG_WARN_NON_LITERAL_NULL_CONVERSION = YES;
				CLANG_WARN_OBJC_IMPLICIT_RETAIN_SELF = YES;
				CLANG_WARN_OBJC_LITERAL_CONVERSION = YES;
				CLANG_WARN_OBJC_ROOT_CLASS = YES_ERROR;
				CLANG_WARN_QUOTED_INCLUDE_IN_FRAMEWORK_HEADER = YES;
				CLANG_WARN_RANGE_LOOP_ANALYSIS = YES;
				CLANG_WARN_STRICT_PROTOTYPES = YES;
				CLANG_WARN_SUSPICIOUS_MOVE = YES;
				CLANG_WARN_UNGUARDED_AVAILABILITY = YES_AGGRESSIVE;
				CLANG_WARN_UNREACHABLE_CODE = YES;
				CLANG_WARN__DUPLICATE_METHOD_MATCH = YES;
				COPY_PHASE_STRIP = NO;
				DEBUG_INFORMATION_FORMAT = "dwarf-with-dsym";
				ENABLE_NS_ASSERTIONS = NO;
				ENABLE_STRICT_OBJC_MSGSEND = YES;
				GCC_C_LANGUAGE_STANDARD = gnu11;
				GCC_NO_COMMON_BLOCKS = YES;
				GCC_WARN_64_TO_32_BIT_CONVERSION = YES;
				GCC_WARN_ABOUT_RETURN_TYPE = YES_ERROR;
				GCC_WARN_UNDECLARED_SELECTOR = YES;
				GCC_WARN_UNINITIALIZED_AUTOS = YES_AGGRESSIVE;
				GCC_WARN_UNUSED_FUNCTION = YES;
				GCC_WARN_UNUSED_VARIABLE = YES;
				IPHONEOS_DEPLOYMENT_TARGET = 14.0;
				MTL_ENABLE_DEBUG_INFO = NO;
				MTL_FAST_MATH = YES;
				SDKROOT = iphoneos;
				SWIFT_COMPILATION_MODE = wholemodule;
				SWIFT_OPTIMIZATION_LEVEL = "-O";
				VALIDATE_PRODUCT = YES;
			};
			name = Release;
		};
		C6054D6829A5145C00A68271 /* Debug */ = {
			isa = XCBuildConfiguration;
			baseConfigurationReference = CE2BF78F1A76A86DE1881D89 /* Pods-PPListDemo.debug.xcconfig */;
			buildSettings = {
				ASSETCATALOG_COMPILER_APPICON_NAME = AppIcon;
				ASSETCATALOG_COMPILER_GLOBAL_ACCENT_COLOR_NAME = AccentColor;
				CODE_SIGN_STYLE = Automatic;
				CURRENT_PROJECT_VERSION = 1;
				DEVELOPMENT_ASSET_PATHS = "\"PPListDemo/Preview Content\"";
				DEVELOPMENT_TEAM = DHWH32NQDL;
				ENABLE_PREVIEWS = YES;
				GENERATE_INFOPLIST_FILE = YES;
				INFOPLIST_KEY_UIApplicationSceneManifest_Generation = YES;
				INFOPLIST_KEY_UIApplicationSupportsIndirectInputEvents = YES;
				INFOPLIST_KEY_UILaunchScreen_Generation = YES;
				INFOPLIST_KEY_UISupportedInterfaceOrientations_iPad = "UIInterfaceOrientationPortrait UIInterfaceOrientationPortraitUpsideDown UIInterfaceOrientationLandscapeLeft UIInterfaceOrientationLandscapeRight";
				INFOPLIST_KEY_UISupportedInterfaceOrientations_iPhone = "UIInterfaceOrientationPortrait UIInterfaceOrientationLandscapeLeft UIInterfaceOrientationLandscapeRight";
				IPHONEOS_DEPLOYMENT_TARGET = 14.0;
				LD_RUNPATH_SEARCH_PATHS = (
					"$(inherited)",
					"@executable_path/Frameworks",
				);
				MARKETING_VERSION = 1.0;
				PRODUCT_BUNDLE_IDENTIFIER = com.rex.PPListDemo;
				PRODUCT_NAME = "$(TARGET_NAME)";
				SWIFT_EMIT_LOC_STRINGS = YES;
				SWIFT_VERSION = 5.0;
				TARGETED_DEVICE_FAMILY = "1,2";
			};
			name = Debug;
		};
		C6054D6929A5145C00A68271 /* Release */ = {
			isa = XCBuildConfiguration;
			baseConfigurationReference = F03AAB2E61891AB17D95D61E /* Pods-PPListDemo.release.xcconfig */;
			buildSettings = {
				ASSETCATALOG_COMPILER_APPICON_NAME = AppIcon;
				ASSETCATALOG_COMPILER_GLOBAL_ACCENT_COLOR_NAME = AccentColor;
				CODE_SIGN_STYLE = Automatic;
				CURRENT_PROJECT_VERSION = 1;
				DEVELOPMENT_ASSET_PATHS = "\"PPListDemo/Preview Content\"";
				DEVELOPMENT_TEAM = DHWH32NQDL;
				ENABLE_PREVIEWS = YES;
				GENERATE_INFOPLIST_FILE = YES;
				INFOPLIST_KEY_UIApplicationSceneManifest_Generation = YES;
				INFOPLIST_KEY_UIApplicationSupportsIndirectInputEvents = YES;
				INFOPLIST_KEY_UILaunchScreen_Generation = YES;
				INFOPLIST_KEY_UISupportedInterfaceOrientations_iPad = "UIInterfaceOrientationPortrait UIInterfaceOrientationPortraitUpsideDown UIInterfaceOrientationLandscapeLeft UIInterfaceOrientationLandscapeRight";
				INFOPLIST_KEY_UISupportedInterfaceOrientations_iPhone = "UIInterfaceOrientationPortrait UIInterfaceOrientationLandscapeLeft UIInterfaceOrientationLandscapeRight";
				IPHONEOS_DEPLOYMENT_TARGET = 14.0;
				LD_RUNPATH_SEARCH_PATHS = (
					"$(inherited)",
					"@executable_path/Frameworks",
				);
				MARKETING_VERSION = 1.0;
				PRODUCT_BUNDLE_IDENTIFIER = com.rex.PPListDemo;
				PRODUCT_NAME = "$(TARGET_NAME)";
				SWIFT_EMIT_LOC_STRINGS = YES;
				SWIFT_VERSION = 5.0;
				TARGETED_DEVICE_FAMILY = "1,2";
			};
			name = Release;
		};
/* End XCBuildConfiguration section */

/* Begin XCConfigurationList section */
		C6054D5429A5145C00A68271 /* Build configuration list for PBXProject "PPListDemo" */ = {
			isa = XCConfigurationList;
			buildConfigurations = (
				C6054D6529A5145C00A68271 /* Debug */,
				C6054D6629A5145C00A68271 /* Release */,
			);
			defaultConfigurationIsVisible = 0;
			defaultConfigurationName = Release;
		};
		C6054D6729A5145C00A68271 /* Build configuration list for PBXNativeTarget "PPListDemo" */ = {
			isa = XCConfigurationList;
			buildConfigurations = (
				C6054D6829A5145C00A68271 /* Debug */,
				C6054D6929A5145C00A68271 /* Release */,
			);
			defaultConfigurationIsVisible = 0;
			defaultConfigurationName = Release;
		};
/* End XCConfigurationList section */
	};
	rootObject = C6054D5129A5145C00A68271 /* Project object */;
}
